// !$*UTF8*$!
{
	archiveVersion = 1;
	classes = {
	};
	objectVersion = 50;
	objects = {

/* Begin PBXBuildFile section */
		4665DE552400F39B0038C2C5 /* AppDelegate.swift in Sources */ = {isa = PBXBuildFile; fileRef = 4665DE542400F39B0038C2C5 /* AppDelegate.swift */; };
		4665DE572400F39B0038C2C5 /* SceneDelegate.swift in Sources */ = {isa = PBXBuildFile; fileRef = 4665DE562400F39B0038C2C5 /* SceneDelegate.swift */; };
		4665DE592400F39B0038C2C5 /* ContentView.swift in Sources */ = {isa = PBXBuildFile; fileRef = 4665DE582400F39B0038C2C5 /* ContentView.swift */; };
		4665DE5B2400F39E0038C2C5 /* Assets.xcassets in Resources */ = {isa = PBXBuildFile; fileRef = 4665DE5A2400F39E0038C2C5 /* Assets.xcassets */; };
		4665DE5E2400F39E0038C2C5 /* Preview Assets.xcassets in Resources */ = {isa = PBXBuildFile; fileRef = 4665DE5D2400F39E0038C2C5 /* Preview Assets.xcassets */; };
		4665DE612400F39E0038C2C5 /* LaunchScreen.storyboard in Resources */ = {isa = PBXBuildFile; fileRef = 4665DE5F2400F39E0038C2C5 /* LaunchScreen.storyboard */; };
		4665DE6C2400F39E0038C2C5 /* motel_registrationTests.swift in Sources */ = {isa = PBXBuildFile; fileRef = 4665DE6B2400F39E0038C2C5 /* motel_registrationTests.swift */; };
		4665DE772400F39E0038C2C5 /* motel_registrationUITests.swift in Sources */ = {isa = PBXBuildFile; fileRef = 4665DE762400F39E0038C2C5 /* motel_registrationUITests.swift */; };
/* End PBXBuildFile section */

/* Begin PBXContainerItemProxy section */
		4665DE682400F39E0038C2C5 /* PBXContainerItemProxy */ = {
			isa = PBXContainerItemProxy;
			containerPortal = 4665DE492400F39B0038C2C5 /* Project object */;
			proxyType = 1;
			remoteGlobalIDString = 4665DE502400F39B0038C2C5;
			remoteInfo = motel_registration;
		};
		4665DE732400F39E0038C2C5 /* PBXContainerItemProxy */ = {
			isa = PBXContainerItemProxy;
			containerPortal = 4665DE492400F39B0038C2C5 /* Project object */;
			proxyType = 1;
			remoteGlobalIDString = 4665DE502400F39B0038C2C5;
			remoteInfo = motel_registration;
		};
/* End PBXContainerItemProxy section */

/* Begin PBXFileReference section */
		4665DE512400F39B0038C2C5 /* motel_registration.app */ = {isa = PBXFileReference; explicitFileType = wrapper.application; includeInIndex = 0; path = motel_registration.app; sourceTree = BUILT_PRODUCTS_DIR; };
		4665DE542400F39B0038C2C5 /* AppDelegate.swift */ = {isa = PBXFileReference; lastKnownFileType = sourcecode.swift; path = AppDelegate.swift; sourceTree = "<group>"; };
		4665DE562400F39B0038C2C5 /* SceneDelegate.swift */ = {isa = PBXFileReference; lastKnownFileType = sourcecode.swift; path = SceneDelegate.swift; sourceTree = "<group>"; };
		4665DE582400F39B0038C2C5 /* ContentView.swift */ = {isa = PBXFileReference; lastKnownFileType = sourcecode.swift; path = ContentView.swift; sourceTree = "<group>"; };
		4665DE5A2400F39E0038C2C5 /* Assets.xcassets */ = {isa = PBXFileReference; lastKnownFileType = folder.assetcatalog; path = Assets.xcassets; sourceTree = "<group>"; };
		4665DE5D2400F39E0038C2C5 /* Preview Assets.xcassets */ = {isa = PBXFileReference; lastKnownFileType = folder.assetcatalog; path = "Preview Assets.xcassets"; sourceTree = "<group>"; };
		4665DE602400F39E0038C2C5 /* Base */ = {isa = PBXFileReference; lastKnownFileType = file.storyboard; name = Base; path = Base.lproj/LaunchScreen.storyboard; sourceTree = "<group>"; };
		4665DE622400F39E0038C2C5 /* Info.plist */ = {isa = PBXFileReference; lastKnownFileType = text.plist.xml; path = Info.plist; sourceTree = "<group>"; };
		4665DE672400F39E0038C2C5 /* motel_registrationTests.xctest */ = {isa = PBXFileReference; explicitFileType = wrapper.cfbundle; includeInIndex = 0; path = motel_registrationTests.xctest; sourceTree = BUILT_PRODUCTS_DIR; };
		4665DE6B2400F39E0038C2C5 /* motel_registrationTests.swift */ = {isa = PBXFileReference; lastKnownFileType = sourcecode.swift; path = motel_registrationTests.swift; sourceTree = "<group>"; };
		4665DE6D2400F39E0038C2C5 /* Info.plist */ = {isa = PBXFileReference; lastKnownFileType = text.plist.xml; path = Info.plist; sourceTree = "<group>"; };
		4665DE722400F39E0038C2C5 /* motel_registrationUITests.xctest */ = {isa = PBXFileReference; explicitFileType = wrapper.cfbundle; includeInIndex = 0; path = motel_registrationUITests.xctest; sourceTree = BUILT_PRODUCTS_DIR; };
		4665DE762400F39E0038C2C5 /* motel_registrationUITests.swift */ = {isa = PBXFileReference; lastKnownFileType = sourcecode.swift; path = motel_registrationUITests.swift; sourceTree = "<group>"; };
		4665DE782400F39E0038C2C5 /* Info.plist */ = {isa = PBXFileReference; lastKnownFileType = text.plist.xml; path = Info.plist; sourceTree = "<group>"; };
/* End PBXFileReference section */

/* Begin PBXFrameworksBuildPhase section */
		4665DE4E2400F39B0038C2C5 /* Frameworks */ = {
			isa = PBXFrameworksBuildPhase;
			buildActionMask = 2147483647;
			files = (
			);
			runOnlyForDeploymentPostprocessing = 0;
		};
		4665DE642400F39E0038C2C5 /* Frameworks */ = {
			isa = PBXFrameworksBuildPhase;
			buildActionMask = 2147483647;
			files = (
			);
			runOnlyForDeploymentPostprocessing = 0;
		};
		4665DE6F2400F39E0038C2C5 /* Frameworks */ = {
			isa = PBXFrameworksBuildPhase;
			buildActionMask = 2147483647;
			files = (
			);
			runOnlyForDeploymentPostprocessing = 0;
		};
/* End PBXFrameworksBuildPhase section */

/* Begin PBXGroup section */
		4665DE482400F39B0038C2C5 = {
			isa = PBXGroup;
			children = (
				4665DE532400F39B0038C2C5 /* motel_registration */,
				4665DE6A2400F39E0038C2C5 /* motel_registrationTests */,
				4665DE752400F39E0038C2C5 /* motel_registrationUITests */,
				4665DE522400F39B0038C2C5 /* Products */,
			);
			sourceTree = "<group>";
		};
		4665DE522400F39B0038C2C5 /* Products */ = {
			isa = PBXGroup;
			children = (
				4665DE512400F39B0038C2C5 /* motel_registration.app */,
				4665DE672400F39E0038C2C5 /* motel_registrationTests.xctest */,
				4665DE722400F39E0038C2C5 /* motel_registrationUITests.xctest */,
			);
			name = Products;
			sourceTree = "<group>";
		};
		4665DE532400F39B0038C2C5 /* motel_registration */ = {
			isa = PBXGroup;
			children = (
				4665DE542400F39B0038C2C5 /* AppDelegate.swift */,
				4665DE562400F39B0038C2C5 /* SceneDelegate.swift */,
				4665DE582400F39B0038C2C5 /* ContentView.swift */,
				4665DE5A2400F39E0038C2C5 /* Assets.xcassets */,
				4665DE5F2400F39E0038C2C5 /* LaunchScreen.storyboard */,
				4665DE622400F39E0038C2C5 /* Info.plist */,
				4665DE5C2400F39E0038C2C5 /* Preview Content */,
			);
			path = motel_registration;
			sourceTree = "<group>";
		};
		4665DE5C2400F39E0038C2C5 /* Preview Content */ = {
			isa = PBXGroup;
			children = (
				4665DE5D2400F39E0038C2C5 /* Preview Assets.xcassets */,
			);
			path = "Preview Content";
			sourceTree = "<group>";
		};
		4665DE6A2400F39E0038C2C5 /* motel_registrationTests */ = {
			isa = PBXGroup;
			children = (
				4665DE6B2400F39E0038C2C5 /* motel_registrationTests.swift */,
				4665DE6D2400F39E0038C2C5 /* Info.plist */,
			);
			path = motel_registrationTests;
			sourceTree = "<group>";
		};
		4665DE752400F39E0038C2C5 /* motel_registrationUITests */ = {
			isa = PBXGroup;
			children = (
				4665DE762400F39E0038C2C5 /* motel_registrationUITests.swift */,
				4665DE782400F39E0038C2C5 /* Info.plist */,
			);
			path = motel_registrationUITests;
			sourceTree = "<group>";
		};
/* End PBXGroup section */

/* Begin PBXNativeTarget section */
		4665DE502400F39B0038C2C5 /* motel_registration */ = {
			isa = PBXNativeTarget;
			buildConfigurationList = 4665DE7B2400F39E0038C2C5 /* Build configuration list for PBXNativeTarget "motel_registration" */;
			buildPhases = (
				4665DE4D2400F39B0038C2C5 /* Sources */,
				4665DE4E2400F39B0038C2C5 /* Frameworks */,
				4665DE4F2400F39B0038C2C5 /* Resources */,
			);
			buildRules = (
			);
			dependencies = (
			);
			name = motel_registration;
			productName = motel_registration;
			productReference = 4665DE512400F39B0038C2C5 /* motel_registration.app */;
			productType = "com.apple.product-type.application";
		};
		4665DE662400F39E0038C2C5 /* motel_registrationTests */ = {
			isa = PBXNativeTarget;
			buildConfigurationList = 4665DE7E2400F39E0038C2C5 /* Build configuration list for PBXNativeTarget "motel_registrationTests" */;
			buildPhases = (
				4665DE632400F39E0038C2C5 /* Sources */,
				4665DE642400F39E0038C2C5 /* Frameworks */,
				4665DE652400F39E0038C2C5 /* Resources */,
			);
			buildRules = (
			);
			dependencies = (
				4665DE692400F39E0038C2C5 /* PBXTargetDependency */,
			);
			name = motel_registrationTests;
			productName = motel_registrationTests;
			productReference = 4665DE672400F39E0038C2C5 /* motel_registrationTests.xctest */;
			productType = "com.apple.product-type.bundle.unit-test";
		};
		4665DE712400F39E0038C2C5 /* motel_registrationUITests */ = {
			isa = PBXNativeTarget;
			buildConfigurationList = 4665DE812400F39E0038C2C5 /* Build configuration list for PBXNativeTarget "motel_registrationUITests" */;
			buildPhases = (
				4665DE6E2400F39E0038C2C5 /* Sources */,
				4665DE6F2400F39E0038C2C5 /* Frameworks */,
				4665DE702400F39E0038C2C5 /* Resources */,
			);
			buildRules = (
			);
			dependencies = (
				4665DE742400F39E0038C2C5 /* PBXTargetDependency */,
			);
			name = motel_registrationUITests;
			productName = motel_registrationUITests;
			productReference = 4665DE722400F39E0038C2C5 /* motel_registrationUITests.xctest */;
			productType = "com.apple.product-type.bundle.ui-testing";
		};
/* End PBXNativeTarget section */

/* Begin PBXProject section */
		4665DE492400F39B0038C2C5 /* Project object */ = {
			isa = PBXProject;
			attributes = {
				LastSwiftUpdateCheck = 1130;
				LastUpgradeCheck = 1130;
				ORGANIZATIONNAME = "Shalini Garikapaty";
				TargetAttributes = {
					4665DE502400F39B0038C2C5 = {
						CreatedOnToolsVersion = 11.3.1;
					};
					4665DE662400F39E0038C2C5 = {
						CreatedOnToolsVersion = 11.3.1;
						TestTargetID = 4665DE502400F39B0038C2C5;
					};
					4665DE712400F39E0038C2C5 = {
						CreatedOnToolsVersion = 11.3.1;
						TestTargetID = 4665DE502400F39B0038C2C5;
					};
				};
			};
			buildConfigurationList = 4665DE4C2400F39B0038C2C5 /* Build configuration list for PBXProject "motel_registration" */;
			compatibilityVersion = "Xcode 9.3";
			developmentRegion = en;
			hasScannedForEncodings = 0;
			knownRegions = (
				en,
				Base,
			);
			mainGroup = 4665DE482400F39B0038C2C5;
			productRefGroup = 4665DE522400F39B0038C2C5 /* Products */;
			projectDirPath = "";
			projectRoot = "";
			targets = (
				4665DE502400F39B0038C2C5 /* motel_registration */,
				4665DE662400F39E0038C2C5 /* motel_registrationTests */,
				4665DE712400F39E0038C2C5 /* motel_registrationUITests */,
			);
		};
/* End PBXProject section */

/* Begin PBXResourcesBuildPhase section */
		4665DE4F2400F39B0038C2C5 /* Resources */ = {
			isa = PBXResourcesBuildPhase;
			buildActionMask = 2147483647;
			files = (
				4665DE612400F39E0038C2C5 /* LaunchScreen.storyboard in Resources */,
				4665DE5E2400F39E0038C2C5 /* Preview Assets.xcassets in Resources */,
				4665DE5B2400F39E0038C2C5 /* Assets.xcassets in Resources */,
			);
			runOnlyForDeploymentPostprocessing = 0;
		};
		4665DE652400F39E0038C2C5 /* Resources */ = {
			isa = PBXResourcesBuildPhase;
			buildActionMask = 2147483647;
			files = (
			);
			runOnlyForDeploymentPostprocessing = 0;
		};
		4665DE702400F39E0038C2C5 /* Resources */ = {
			isa = PBXResourcesBuildPhase;
			buildActionMask = 2147483647;
			files = (
			);
			runOnlyForDeploymentPostprocessing = 0;
		};
/* End PBXResourcesBuildPhase section */

/* Begin PBXSourcesBuildPhase section */
		4665DE4D2400F39B0038C2C5 /* Sources */ = {
			isa = PBXSourcesBuildPhase;
			buildActionMask = 2147483647;
			files = (
				4665DE552400F39B0038C2C5 /* AppDelegate.swift in Sources */,
				4665DE572400F39B0038C2C5 /* SceneDelegate.swift in Sources */,
				4665DE592400F39B0038C2C5 /* ContentView.swift in Sources */,
			);
			runOnlyForDeploymentPostprocessing = 0;
		};
		4665DE632400F39E0038C2C5 /* Sources */ = {
			isa = PBXSourcesBuildPhase;
			buildActionMask = 2147483647;
			files = (
				4665DE6C2400F39E0038C2C5 /* motel_registrationTests.swift in Sources */,
			);
			runOnlyForDeploymentPostprocessing = 0;
		};
		4665DE6E2400F39E0038C2C5 /* Sources */ = {
			isa = PBXSourcesBuildPhase;
			buildActionMask = 2147483647;
			files = (
				4665DE772400F39E0038C2C5 /* motel_registrationUITests.swift in Sources */,
			);
			runOnlyForDeploymentPostprocessing = 0;
		};
/* End PBXSourcesBuildPhase section */

/* Begin PBXTargetDependency section */
		4665DE692400F39E0038C2C5 /* PBXTargetDependency */ = {
			isa = PBXTargetDependency;
			target = 4665DE502400F39B0038C2C5 /* motel_registration */;
			targetProxy = 4665DE682400F39E0038C2C5 /* PBXContainerItemProxy */;
		};
		4665DE742400F39E0038C2C5 /* PBXTargetDependency */ = {
			isa = PBXTargetDependency;
			target = 4665DE502400F39B0038C2C5 /* motel_registration */;
			targetProxy = 4665DE732400F39E0038C2C5 /* PBXContainerItemProxy */;
		};
/* End PBXTargetDependency section */

/* Begin PBXVariantGroup section */
		4665DE5F2400F39E0038C2C5 /* LaunchScreen.storyboard */ = {
			isa = PBXVariantGroup;
			children = (
				4665DE602400F39E0038C2C5 /* Base */,
			);
			name = LaunchScreen.storyboard;
			sourceTree = "<group>";
		};
/* End PBXVariantGroup section */

/* Begin XCBuildConfiguration section */
		4665DE792400F39E0038C2C5 /* Debug */ = {
			isa = XCBuildConfiguration;
			buildSettings = {
				ALWAYS_SEARCH_USER_PATHS = NO;
				CLANG_ANALYZER_NONNULL = YES;
				CLANG_ANALYZER_NUMBER_OBJECT_CONVERSION = YES_AGGRESSIVE;
				CLANG_CXX_LANGUAGE_STANDARD = "gnu++14";
				CLANG_CXX_LIBRARY = "libc++";
				CLANG_ENABLE_MODULES = YES;
				CLANG_ENABLE_OBJC_ARC = YES;
				CLANG_ENABLE_OBJC_WEAK = YES;
				CLANG_WARN_BLOCK_CAPTURE_AUTORELEASING = YES;
				CLANG_WARN_BOOL_CONVERSION = YES;
				CLANG_WARN_COMMA = YES;
				CLANG_WARN_CONSTANT_CONVERSION = YES;
				CLANG_WARN_DEPRECATED_OBJC_IMPLEMENTATIONS = YES;
				CLANG_WARN_DIRECT_OBJC_ISA_USAGE = YES_ERROR;
				CLANG_WARN_DOCUMENTATION_COMMENTS = YES;
				CLANG_WARN_EMPTY_BODY = YES;
				CLANG_WARN_ENUM_CONVERSION = YES;
				CLANG_WARN_INFINITE_RECURSION = YES;
				CLANG_WARN_INT_CONVERSION = YES;
				CLANG_WARN_NON_LITERAL_NULL_CONVERSION = YES;
				CLANG_WARN_OBJC_IMPLICIT_RETAIN_SELF = YES;
				CLANG_WARN_OBJC_LITERAL_CONVERSION = YES;
				CLANG_WARN_OBJC_ROOT_CLASS = YES_ERROR;
				CLANG_WARN_RANGE_LOOP_ANALYSIS = YES;
				CLANG_WARN_STRICT_PROTOTYPES = YES;
				CLANG_WARN_SUSPICIOUS_MOVE = YES;
				CLANG_WARN_UNGUARDED_AVAILABILITY = YES_AGGRESSIVE;
				CLANG_WARN_UNREACHABLE_CODE = YES;
				CLANG_WARN__DUPLICATE_METHOD_MATCH = YES;
				COPY_PHASE_STRIP = NO;
				DEBUG_INFORMATION_FORMAT = dwarf;
				ENABLE_STRICT_OBJC_MSGSEND = YES;
				ENABLE_TESTABILITY = YES;
				GCC_C_LANGUAGE_STANDARD = gnu11;
				GCC_DYNAMIC_NO_PIC = NO;
				GCC_NO_COMMON_BLOCKS = YES;
				GCC_OPTIMIZATION_LEVEL = 0;
				GCC_PREPROCESSOR_DEFINITIONS = (
					"DEBUG=1",
					"$(inherited)",
				);
				GCC_WARN_64_TO_32_BIT_CONVERSION = YES;
				GCC_WARN_ABOUT_RETURN_TYPE = YES_ERROR;
				GCC_WARN_UNDECLARED_SELECTOR = YES;
				GCC_WARN_UNINITIALIZED_AUTOS = YES_AGGRESSIVE;
				GCC_WARN_UNUSED_FUNCTION = YES;
				GCC_WARN_UNUSED_VARIABLE = YES;
				IPHONEOS_DEPLOYMENT_TARGET = 13.2;
				MTL_ENABLE_DEBUG_INFO = INCLUDE_SOURCE;
				MTL_FAST_MATH = YES;
				ONLY_ACTIVE_ARCH = YES;
				SDKROOT = iphoneos;
				SWIFT_ACTIVE_COMPILATION_CONDITIONS = DEBUG;
				SWIFT_OPTIMIZATION_LEVEL = "-Onone";
			};
			name = Debug;
		};
		4665DE7A2400F39E0038C2C5 /* Release */ = {
			isa = XCBuildConfiguration;
			buildSettings = {
				ALWAYS_SEARCH_USER_PATHS = NO;
				CLANG_ANALYZER_NONNULL = YES;
				CLANG_ANALYZER_NUMBER_OBJECT_CONVERSION = YES_AGGRESSIVE;
				CLANG_CXX_LANGUAGE_STANDARD = "gnu++14";
				CLANG_CXX_LIBRARY = "libc++";
				CLANG_ENABLE_MODULES = YES;
				CLANG_ENABLE_OBJC_ARC = YES;
				CLANG_ENABLE_OBJC_WEAK = YES;
				CLANG_WARN_BLOCK_CAPTURE_AUTORELEASING = YES;
				CLANG_WARN_BOOL_CONVERSION = YES;
				CLANG_WARN_COMMA = YES;
				CLANG_WARN_CONSTANT_CONVERSION = YES;
				CLANG_WARN_DEPRECATED_OBJC_IMPLEMENTATIONS = YES;
				CLANG_WARN_DIRECT_OBJC_ISA_USAGE = YES_ERROR;
				CLANG_WARN_DOCUMENTATION_COMMENTS = YES;
				CLANG_WARN_EMPTY_BODY = YES;
				CLANG_WARN_ENUM_CONVERSION = YES;
				CLANG_WARN_INFINITE_RECURSION = YES;
				CLANG_WARN_INT_CONVERSION = YES;
				CLANG_WARN_NON_LITERAL_NULL_CONVERSION = YES;
				CLANG_WARN_OBJC_IMPLICIT_RETAIN_SELF = YES;
				CLANG_WARN_OBJC_LITERAL_CONVERSION = YES;
				CLANG_WARN_OBJC_ROOT_CLASS = YES_ERROR;
				CLANG_WARN_RANGE_LOOP_ANALYSIS = YES;
				CLANG_WARN_STRICT_PROTOTYPES = YES;
				CLANG_WARN_SUSPICIOUS_MOVE = YES;
				CLANG_WARN_UNGUARDED_AVAILABILITY = YES_AGGRESSIVE;
				CLANG_WARN_UNREACHABLE_CODE = YES;
				CLANG_WARN__DUPLICATE_METHOD_MATCH = YES;
				COPY_PHASE_STRIP = NO;
				DEBUG_INFORMATION_FORMAT = "dwarf-with-dsym";
				ENABLE_NS_ASSERTIONS = NO;
				ENABLE_STRICT_OBJC_MSGSEND = YES;
				GCC_C_LANGUAGE_STANDARD = gnu11;
				GCC_NO_COMMON_BLOCKS = YES;
				GCC_WARN_64_TO_32_BIT_CONVERSION = YES;
				GCC_WARN_ABOUT_RETURN_TYPE = YES_ERROR;
				GCC_WARN_UNDECLARED_SELECTOR = YES;
				GCC_WARN_UNINITIALIZED_AUTOS = YES_AGGRESSIVE;
				GCC_WARN_UNUSED_FUNCTION = YES;
				GCC_WARN_UNUSED_VARIABLE = YES;
				IPHONEOS_DEPLOYMENT_TARGET = 13.2;
				MTL_ENABLE_DEBUG_INFO = NO;
				MTL_FAST_MATH = YES;
				SDKROOT = iphoneos;
				SWIFT_COMPILATION_MODE = wholemodule;
				SWIFT_OPTIMIZATION_LEVEL = "-O";
				VALIDATE_PRODUCT = YES;
			};
			name = Release;
		};
		4665DE7C2400F39E0038C2C5 /* Debug */ = {
			isa = XCBuildConfiguration;
			buildSettings = {
				ASSETCATALOG_COMPILER_APPICON_NAME = AppIcon;
				CODE_SIGN_STYLE = Automatic;
				DEVELOPMENT_ASSET_PATHS = "\"motel_registration/Preview Content\"";
				ENABLE_PREVIEWS = YES;
				INFOPLIST_FILE = motel_registration/Info.plist;
				LD_RUNPATH_SEARCH_PATHS = (
					"$(inherited)",
					"@executable_path/Frameworks",
				);
				PRODUCT_BUNDLE_IDENTIFIER = "assignment.motel-registration";
				PRODUCT_NAME = "$(TARGET_NAME)";
				SWIFT_VERSION = 5.0;
				TARGETED_DEVICE_FAMILY = "1,2";
			};
			name = Debug;
		};
		4665DE7D2400F39E0038C2C5 /* Release */ = {
			isa = XCBuildConfiguration;
			buildSettings = {
				ASSETCATALOG_COMPILER_APPICON_NAME = AppIcon;
				CODE_SIGN_STYLE = Automatic;
				DEVELOPMENT_ASSET_PATHS = "\"motel_registration/Preview Content\"";
				ENABLE_PREVIEWS = YES;
				INFOPLIST_FILE = motel_registration/Info.plist;
				LD_RUNPATH_SEARCH_PATHS = (
					"$(inherited)",
					"@executable_path/Frameworks",
				);
				PRODUCT_BUNDLE_IDENTIFIER = "assignment.motel-registration";
				PRODUCT_NAME = "$(TARGET_NAME)";
				SWIFT_VERSION = 5.0;
				TARGETED_DEVICE_FAMILY = "1,2";
			};
			name = Release;
		};
		4665DE7F2400F39E0038C2C5 /* Debug */ = {
			isa = XCBuildConfiguration;
			buildSettings = {
				ALWAYS_EMBED_SWIFT_STANDARD_LIBRARIES = YES;
				BUNDLE_LOADER = "$(TEST_HOST)";
				CODE_SIGN_STYLE = Automatic;
				INFOPLIST_FILE = motel_registrationTests/Info.plist;
				IPHONEOS_DEPLOYMENT_TARGET = 13.2;
				LD_RUNPATH_SEARCH_PATHS = (
					"$(inherited)",
					"@executable_path/Frameworks",
					"@loader_path/Frameworks",
				);
				PRODUCT_BUNDLE_IDENTIFIER = "assignment.motel-registrationTests";
				PRODUCT_NAME = "$(TARGET_NAME)";
				SWIFT_VERSION = 5.0;
				TARGETED_DEVICE_FAMILY = "1,2";
				TEST_HOST = "$(BUILT_PRODUCTS_DIR)/motel_registration.app/motel_registration";
			};
			name = Debug;
		};
		4665DE802400F39E0038C2C5 /* Release */ = {
			isa = XCBuildConfiguration;
			buildSettings = {
				ALWAYS_EMBED_SWIFT_STANDARD_LIBRARIES = YES;
				BUNDLE_LOADER = "$(TEST_HOST)";
				CODE_SIGN_STYLE = Automatic;
				INFOPLIST_FILE = motel_registrationTests/Info.plist;
				IPHONEOS_DEPLOYMENT_TARGET = 13.2;
				LD_RUNPATH_SEARCH_PATHS = (
					"$(inherited)",
					"@executable_path/Frameworks",
					"@loader_path/Frameworks",
				);
				PRODUCT_BUNDLE_IDENTIFIER = "assignment.motel-registrationTests";
				PRODUCT_NAME = "$(TARGET_NAME)";
				SWIFT_VERSION = 5.0;
				TARGETED_DEVICE_FAMILY = "1,2";
				TEST_HOST = "$(BUILT_PRODUCTS_DIR)/motel_registration.app/motel_registration";
			};
			name = Release;
		};
		4665DE822400F39E0038C2C5 /* Debug */ = {
			isa = XCBuildConfiguration;
			buildSettings = {
				ALWAYS_EMBED_SWIFT_STANDARD_LIBRARIES = YES;
				CODE_SIGN_STYLE = Automatic;
				INFOPLIST_FILE = motel_registrationUITests/Info.plist;
				LD_RUNPATH_SEARCH_PATHS = (
					"$(inherited)",
					"@executable_path/Frameworks",
					"@loader_path/Frameworks",
				);
				PRODUCT_BUNDLE_IDENTIFIER = "assignment.motel-registrationUITests";
				PRODUCT_NAME = "$(TARGET_NAME)";
				SWIFT_VERSION = 5.0;
				TARGETED_DEVICE_FAMILY = "1,2";
				TEST_TARGET_NAME = motel_registration;
			};
			name = Debug;
		};
		4665DE832400F39E0038C2C5 /* Release */ = {
			isa = XCBuildConfiguration;
			buildSettings = {
				ALWAYS_EMBED_SWIFT_STANDARD_LIBRARIES = YES;
				CODE_SIGN_STYLE = Automatic;
				INFOPLIST_FILE = motel_registrationUITests/Info.plist;
				LD_RUNPATH_SEARCH_PATHS = (
					"$(inherited)",
					"@executable_path/Frameworks",
					"@loader_path/Frameworks",
				);
				PRODUCT_BUNDLE_IDENTIFIER = "assignment.motel-registrationUITests";
				PRODUCT_NAME = "$(TARGET_NAME)";
				SWIFT_VERSION = 5.0;
				TARGETED_DEVICE_FAMILY = "1,2";
				TEST_TARGET_NAME = motel_registration;
			};
			name = Release;
		};
/* End XCBuildConfiguration section */

/* Begin XCConfigurationList section */
		4665DE4C2400F39B0038C2C5 /* Build configuration list for PBXProject "motel_registration" */ = {
			isa = XCConfigurationList;
			buildConfigurations = (
				4665DE792400F39E0038C2C5 /* Debug */,
				4665DE7A2400F39E0038C2C5 /* Release */,
			);
			defaultConfigurationIsVisible = 0;
			defaultConfigurationName = Release;
		};
		4665DE7B2400F39E0038C2C5 /* Build configuration list for PBXNativeTarget "motel_registration" */ = {
			isa = XCConfigurationList;
			buildConfigurations = (
				4665DE7C2400F39E0038C2C5 /* Debug */,
				4665DE7D2400F39E0038C2C5 /* Release */,
			);
			defaultConfigurationIsVisible = 0;
			defaultConfigurationName = Release;
		};
		4665DE7E2400F39E0038C2C5 /* Build configuration list for PBXNativeTarget "motel_registrationTests" */ = {
			isa = XCConfigurationList;
			buildConfigurations = (
				4665DE7F2400F39E0038C2C5 /* Debug */,
				4665DE802400F39E0038C2C5 /* Release */,
			);
			defaultConfigurationIsVisible = 0;
			defaultConfigurationName = Release;
		};
		4665DE812400F39E0038C2C5 /* Build configuration list for PBXNativeTarget "motel_registrationUITests" */ = {
			isa = XCConfigurationList;
			buildConfigurations = (
				4665DE822400F39E0038C2C5 /* Debug */,
				4665DE832400F39E0038C2C5 /* Release */,
			);
			defaultConfigurationIsVisible = 0;
			defaultConfigurationName = Release;
		};
/* End XCConfigurationList section */
	};
	rootObject = 4665DE492400F39B0038C2C5 /* Project object */;
}
