// !$*UTF8*$!
{
	archiveVersion = 1;
	classes = {
	};
	objectVersion = 50;
	objects = {

/* Begin PBXBuildFile section */
		463452042400FFA200DA4CFC /* LoginVC.swift in Sources */ = {isa = PBXBuildFile; fileRef = 463452032400FFA200DA4CFC /* LoginVC.swift */; };
		463452062400FFBB00DA4CFC /* SignUpVC.swift in Sources */ = {isa = PBXBuildFile; fileRef = 463452052400FFBB00DA4CFC /* SignUpVC.swift */; };
		4665DE912400F7D90038C2C5 /* AppDelegate.swift in Sources */ = {isa = PBXBuildFile; fileRef = 4665DE902400F7D90038C2C5 /* AppDelegate.swift */; };
		4665DE932400F7D90038C2C5 /* SceneDelegate.swift in Sources */ = {isa = PBXBuildFile; fileRef = 4665DE922400F7D90038C2C5 /* SceneDelegate.swift */; };
		4665DE982400F7D90038C2C5 /* Main.storyboard in Resources */ = {isa = PBXBuildFile; fileRef = 4665DE962400F7D90038C2C5 /* Main.storyboard */; };
		4665DE9A2400F7DB0038C2C5 /* Assets.xcassets in Resources */ = {isa = PBXBuildFile; fileRef = 4665DE992400F7DB0038C2C5 /* Assets.xcassets */; };
		4665DE9D2400F7DB0038C2C5 /* LaunchScreen.storyboard in Resources */ = {isa = PBXBuildFile; fileRef = 4665DE9B2400F7DB0038C2C5 /* LaunchScreen.storyboard */; };
		4665DEA82400F7DB0038C2C5 /* motel_registrationTests.swift in Sources */ = {isa = PBXBuildFile; fileRef = 4665DEA72400F7DB0038C2C5 /* motel_registrationTests.swift */; };
		4665DEB32400F7DB0038C2C5 /* motel_registrationUITests.swift in Sources */ = {isa = PBXBuildFile; fileRef = 4665DEB22400F7DB0038C2C5 /* motel_registrationUITests.swift */; };
/* End PBXBuildFile section */

/* Begin PBXContainerItemProxy section */
		4665DEA42400F7DB0038C2C5 /* PBXContainerItemProxy */ = {
			isa = PBXContainerItemProxy;
			containerPortal = 4665DE852400F7D90038C2C5 /* Project object */;
			proxyType = 1;
			remoteGlobalIDString = 4665DE8C2400F7D90038C2C5;
			remoteInfo = motel_registration;
		};
		4665DEAF2400F7DB0038C2C5 /* PBXContainerItemProxy */ = {
			isa = PBXContainerItemProxy;
			containerPortal = 4665DE852400F7D90038C2C5 /* Project object */;
			proxyType = 1;
			remoteGlobalIDString = 4665DE8C2400F7D90038C2C5;
			remoteInfo = motel_registration;
		};
/* End PBXContainerItemProxy section */

/* Begin PBXFileReference section */
		463452032400FFA200DA4CFC /* LoginVC.swift */ = {isa = PBXFileReference; lastKnownFileType = sourcecode.swift; name = LoginVC.swift; path = ../../../../Desktop/LoginVC.swift; sourceTree = "<group>"; };
		463452052400FFBB00DA4CFC /* SignUpVC.swift */ = {isa = PBXFileReference; lastKnownFileType = sourcecode.swift; name = SignUpVC.swift; path = ../../../../Desktop/SignUpVC.swift; sourceTree = "<group>"; };
		4665DE8D2400F7D90038C2C5 /* motel_registration.app */ = {isa = PBXFileReference; explicitFileType = wrapper.application; includeInIndex = 0; path = motel_registration.app; sourceTree = BUILT_PRODUCTS_DIR; };
		4665DE902400F7D90038C2C5 /* AppDelegate.swift */ = {isa = PBXFileReference; lastKnownFileType = sourcecode.swift; path = AppDelegate.swift; sourceTree = "<group>"; };
		4665DE922400F7D90038C2C5 /* SceneDelegate.swift */ = {isa = PBXFileReference; lastKnownFileType = sourcecode.swift; path = SceneDelegate.swift; sourceTree = "<group>"; };
		4665DE972400F7D90038C2C5 /* Base */ = {isa = PBXFileReference; lastKnownFileType = file.storyboard; name = Base; path = Base.lproj/Main.storyboard; sourceTree = "<group>"; };
		4665DE992400F7DB0038C2C5 /* Assets.xcassets */ = {isa = PBXFileReference; lastKnownFileType = folder.assetcatalog; path = Assets.xcassets; sourceTree = "<group>"; };
		4665DE9C2400F7DB0038C2C5 /* Base */ = {isa = PBXFileReference; lastKnownFileType = file.storyboard; name = Base; path = Base.lproj/LaunchScreen.storyboard; sourceTree = "<group>"; };
		4665DE9E2400F7DB0038C2C5 /* Info.plist */ = {isa = PBXFileReference; lastKnownFileType = text.plist.xml; path = Info.plist; sourceTree = "<group>"; };
		4665DEA32400F7DB0038C2C5 /* motel_registrationTests.xctest */ = {isa = PBXFileReference; explicitFileType = wrapper.cfbundle; includeInIndex = 0; path = motel_registrationTests.xctest; sourceTree = BUILT_PRODUCTS_DIR; };
		4665DEA72400F7DB0038C2C5 /* motel_registrationTests.swift */ = {isa = PBXFileReference; lastKnownFileType = sourcecode.swift; path = motel_registrationTests.swift; sourceTree = "<group>"; };
		4665DEA92400F7DB0038C2C5 /* Info.plist */ = {isa = PBXFileReference; lastKnownFileType = text.plist.xml; path = Info.plist; sourceTree = "<group>"; };
		4665DEAE2400F7DB0038C2C5 /* motel_registrationUITests.xctest */ = {isa = PBXFileReference; explicitFileType = wrapper.cfbundle; includeInIndex = 0; path = motel_registrationUITests.xctest; sourceTree = BUILT_PRODUCTS_DIR; };
		4665DEB22400F7DB0038C2C5 /* motel_registrationUITests.swift */ = {isa = PBXFileReference; lastKnownFileType = sourcecode.swift; path = motel_registrationUITests.swift; sourceTree = "<group>"; };
		4665DEB42400F7DB0038C2C5 /* Info.plist */ = {isa = PBXFileReference; lastKnownFileType = text.plist.xml; path = Info.plist; sourceTree = "<group>"; };
/* End PBXFileReference section */

/* Begin PBXFrameworksBuildPhase section */
		4665DE8A2400F7D90038C2C5 /* Frameworks */ = {
			isa = PBXFrameworksBuildPhase;
			buildActionMask = 2147483647;
			files = (
			);
			runOnlyForDeploymentPostprocessing = 0;
		};
		4665DEA02400F7DB0038C2C5 /* Frameworks */ = {
			isa = PBXFrameworksBuildPhase;
			buildActionMask = 2147483647;
			files = (
			);
			runOnlyForDeploymentPostprocessing = 0;
		};
		4665DEAB2400F7DB0038C2C5 /* Frameworks */ = {
			isa = PBXFrameworksBuildPhase;
			buildActionMask = 2147483647;
			files = (
			);
			runOnlyForDeploymentPostprocessing = 0;
		};
/* End PBXFrameworksBuildPhase section */

/* Begin PBXGroup section */
		4665DE842400F7D90038C2C5 = {
			isa = PBXGroup;
			children = (
				4665DE8F2400F7D90038C2C5 /* motel_registration */,
				4665DEA62400F7DB0038C2C5 /* motel_registrationTests */,
				4665DEB12400F7DB0038C2C5 /* motel_registrationUITests */,
				4665DE8E2400F7D90038C2C5 /* Products */,
			);
			sourceTree = "<group>";
		};
		4665DE8E2400F7D90038C2C5 /* Products */ = {
			isa = PBXGroup;
			children = (
				4665DE8D2400F7D90038C2C5 /* motel_registration.app */,
				4665DEA32400F7DB0038C2C5 /* motel_registrationTests.xctest */,
				4665DEAE2400F7DB0038C2C5 /* motel_registrationUITests.xctest */,
			);
			name = Products;
			sourceTree = "<group>";
		};
		4665DE8F2400F7D90038C2C5 /* motel_registration */ = {
			isa = PBXGroup;
			children = (
				EBD021E62400FDFD00E95F15 /* Controller */,
				EBD021E52400FDF800E95F15 /* View */,
				EBD021E42400FDEF00E95F15 /* Model */,
				4665DE902400F7D90038C2C5 /* AppDelegate.swift */,
				4665DE922400F7D90038C2C5 /* SceneDelegate.swift */,
				4665DE962400F7D90038C2C5 /* Main.storyboard */,
				4665DE992400F7DB0038C2C5 /* Assets.xcassets */,
				4665DE9B2400F7DB0038C2C5 /* LaunchScreen.storyboard */,
				4665DE9E2400F7DB0038C2C5 /* Info.plist */,
			);
			path = motel_registration;
			sourceTree = "<group>";
		};
		4665DEA62400F7DB0038C2C5 /* motel_registrationTests */ = {
			isa = PBXGroup;
			children = (
				4665DEA72400F7DB0038C2C5 /* motel_registrationTests.swift */,
				4665DEA92400F7DB0038C2C5 /* Info.plist */,
			);
			path = motel_registrationTests;
			sourceTree = "<group>";
		};
		4665DEB12400F7DB0038C2C5 /* motel_registrationUITests */ = {
			isa = PBXGroup;
			children = (
				4665DEB22400F7DB0038C2C5 /* motel_registrationUITests.swift */,
				4665DEB42400F7DB0038C2C5 /* Info.plist */,
			);
			path = motel_registrationUITests;
			sourceTree = "<group>";
		};
		EBD021E42400FDEF00E95F15 /* Model */ = {
			isa = PBXGroup;
			children = (
			);
			path = Model;
			sourceTree = "<group>";
		};
		EBD021E52400FDF800E95F15 /* View */ = {
			isa = PBXGroup;
			children = (
			);
			path = View;
			sourceTree = "<group>";
		};
		EBD021E62400FDFD00E95F15 /* Controller */ = {
			isa = PBXGroup;
			children = (
				463452032400FFA200DA4CFC /* LoginVC.swift */,
				463452052400FFBB00DA4CFC /* SignUpVC.swift */,
			);
			path = Controller;
			sourceTree = "<group>";
		};
/* End PBXGroup section */

/* Begin PBXNativeTarget section */
		4665DE8C2400F7D90038C2C5 /* motel_registration */ = {
			isa = PBXNativeTarget;
			buildConfigurationList = 4665DEB72400F7DB0038C2C5 /* Build configuration list for PBXNativeTarget "motel_registration" */;
			buildPhases = (
				4665DE892400F7D90038C2C5 /* Sources */,
				4665DE8A2400F7D90038C2C5 /* Frameworks */,
				4665DE8B2400F7D90038C2C5 /* Resources */,
			);
			buildRules = (
			);
			dependencies = (
			);
			name = motel_registration;
			productName = motel_registration;
			productReference = 4665DE8D2400F7D90038C2C5 /* motel_registration.app */;
			productType = "com.apple.product-type.application";
		};
		4665DEA22400F7DB0038C2C5 /* motel_registrationTests */ = {
			isa = PBXNativeTarget;
			buildConfigurationList = 4665DEBA2400F7DB0038C2C5 /* Build configuration list for PBXNativeTarget "motel_registrationTests" */;
			buildPhases = (
				4665DE9F2400F7DB0038C2C5 /* Sources */,
				4665DEA02400F7DB0038C2C5 /* Frameworks */,
				4665DEA12400F7DB0038C2C5 /* Resources */,
			);
			buildRules = (
			);
			dependencies = (
				4665DEA52400F7DB0038C2C5 /* PBXTargetDependency */,
			);
			name = motel_registrationTests;
			productName = motel_registrationTests;
			productReference = 4665DEA32400F7DB0038C2C5 /* motel_registrationTests.xctest */;
			productType = "com.apple.product-type.bundle.unit-test";
		};
		4665DEAD2400F7DB0038C2C5 /* motel_registrationUITests */ = {
			isa = PBXNativeTarget;
			buildConfigurationList = 4665DEBD2400F7DB0038C2C5 /* Build configuration list for PBXNativeTarget "motel_registrationUITests" */;
			buildPhases = (
				4665DEAA2400F7DB0038C2C5 /* Sources */,
				4665DEAB2400F7DB0038C2C5 /* Frameworks */,
				4665DEAC2400F7DB0038C2C5 /* Resources */,
			);
			buildRules = (
			);
			dependencies = (
				4665DEB02400F7DB0038C2C5 /* PBXTargetDependency */,
			);
			name = motel_registrationUITests;
			productName = motel_registrationUITests;
			productReference = 4665DEAE2400F7DB0038C2C5 /* motel_registrationUITests.xctest */;
			productType = "com.apple.product-type.bundle.ui-testing";
		};
/* End PBXNativeTarget section */

/* Begin PBXProject section */
		4665DE852400F7D90038C2C5 /* Project object */ = {
			isa = PBXProject;
			attributes = {
				LastSwiftUpdateCheck = 1130;
				LastUpgradeCheck = 1130;
				ORGANIZATIONNAME = "Shalini Garikapaty";
				TargetAttributes = {
					4665DE8C2400F7D90038C2C5 = {
						CreatedOnToolsVersion = 11.3.1;
					};
					4665DEA22400F7DB0038C2C5 = {
						CreatedOnToolsVersion = 11.3.1;
						TestTargetID = 4665DE8C2400F7D90038C2C5;
					};
					4665DEAD2400F7DB0038C2C5 = {
						CreatedOnToolsVersion = 11.3.1;
						TestTargetID = 4665DE8C2400F7D90038C2C5;
					};
				};
			};
			buildConfigurationList = 4665DE882400F7D90038C2C5 /* Build configuration list for PBXProject "motel_registration" */;
			compatibilityVersion = "Xcode 9.3";
			developmentRegion = en;
			hasScannedForEncodings = 0;
			knownRegions = (
				en,
				Base,
			);
			mainGroup = 4665DE842400F7D90038C2C5;
			productRefGroup = 4665DE8E2400F7D90038C2C5 /* Products */;
			projectDirPath = "";
			projectRoot = "";
			targets = (
				4665DE8C2400F7D90038C2C5 /* motel_registration */,
				4665DEA22400F7DB0038C2C5 /* motel_registrationTests */,
				4665DEAD2400F7DB0038C2C5 /* motel_registrationUITests */,
			);
		};
/* End PBXProject section */

/* Begin PBXResourcesBuildPhase section */
		4665DE8B2400F7D90038C2C5 /* Resources */ = {
			isa = PBXResourcesBuildPhase;
			buildActionMask = 2147483647;
			files = (
				4665DE9D2400F7DB0038C2C5 /* LaunchScreen.storyboard in Resources */,
				4665DE9A2400F7DB0038C2C5 /* Assets.xcassets in Resources */,
				4665DE982400F7D90038C2C5 /* Main.storyboard in Resources */,
			);
			runOnlyForDeploymentPostprocessing = 0;
		};
		4665DEA12400F7DB0038C2C5 /* Resources */ = {
			isa = PBXResourcesBuildPhase;
			buildActionMask = 2147483647;
			files = (
			);
			runOnlyForDeploymentPostprocessing = 0;
		};
		4665DEAC2400F7DB0038C2C5 /* Resources */ = {
			isa = PBXResourcesBuildPhase;
			buildActionMask = 2147483647;
			files = (
			);
			runOnlyForDeploymentPostprocessing = 0;
		};
/* End PBXResourcesBuildPhase section */

/* Begin PBXSourcesBuildPhase section */
		4665DE892400F7D90038C2C5 /* Sources */ = {
			isa = PBXSourcesBuildPhase;
			buildActionMask = 2147483647;
			files = (
				463452062400FFBB00DA4CFC /* SignUpVC.swift in Sources */,
				4665DE912400F7D90038C2C5 /* AppDelegate.swift in Sources */,
				4665DE932400F7D90038C2C5 /* SceneDelegate.swift in Sources */,
				463452042400FFA200DA4CFC /* LoginVC.swift in Sources */,
			);
			runOnlyForDeploymentPostprocessing = 0;
		};
		4665DE9F2400F7DB0038C2C5 /* Sources */ = {
			isa = PBXSourcesBuildPhase;
			buildActionMask = 2147483647;
			files = (
				4665DEA82400F7DB0038C2C5 /* motel_registrationTests.swift in Sources */,
			);
			runOnlyForDeploymentPostprocessing = 0;
		};
		4665DEAA2400F7DB0038C2C5 /* Sources */ = {
			isa = PBXSourcesBuildPhase;
			buildActionMask = 2147483647;
			files = (
				4665DEB32400F7DB0038C2C5 /* motel_registrationUITests.swift in Sources */,
			);
			runOnlyForDeploymentPostprocessing = 0;
		};
/* End PBXSourcesBuildPhase section */

/* Begin PBXTargetDependency section */
		4665DEA52400F7DB0038C2C5 /* PBXTargetDependency */ = {
			isa = PBXTargetDependency;
			target = 4665DE8C2400F7D90038C2C5 /* motel_registration */;
			targetProxy = 4665DEA42400F7DB0038C2C5 /* PBXContainerItemProxy */;
		};
		4665DEB02400F7DB0038C2C5 /* PBXTargetDependency */ = {
			isa = PBXTargetDependency;
			target = 4665DE8C2400F7D90038C2C5 /* motel_registration */;
			targetProxy = 4665DEAF2400F7DB0038C2C5 /* PBXContainerItemProxy */;
		};
/* End PBXTargetDependency section */

/* Begin PBXVariantGroup section */
		4665DE962400F7D90038C2C5 /* Main.storyboard */ = {
			isa = PBXVariantGroup;
			children = (
				4665DE972400F7D90038C2C5 /* Base */,
			);
			name = Main.storyboard;
			sourceTree = "<group>";
		};
		4665DE9B2400F7DB0038C2C5 /* LaunchScreen.storyboard */ = {
			isa = PBXVariantGroup;
			children = (
				4665DE9C2400F7DB0038C2C5 /* Base */,
			);
			name = LaunchScreen.storyboard;
			sourceTree = "<group>";
		};
/* End PBXVariantGroup section */

/* Begin XCBuildConfiguration section */
		4665DEB52400F7DB0038C2C5 /* Debug */ = {
			isa = XCBuildConfiguration;
			buildSettings = {
				ALWAYS_SEARCH_USER_PATHS = NO;
				CLANG_ANALYZER_NONNULL = YES;
				CLANG_ANALYZER_NUMBER_OBJECT_CONVERSION = YES_AGGRESSIVE;
				CLANG_CXX_LANGUAGE_STANDARD = "gnu++14";
				CLANG_CXX_LIBRARY = "libc++";
				CLANG_ENABLE_MODULES = YES;
				CLANG_ENABLE_OBJC_ARC = YES;
				CLANG_ENABLE_OBJC_WEAK = YES;
				CLANG_WARN_BLOCK_CAPTURE_AUTORELEASING = YES;
				CLANG_WARN_BOOL_CONVERSION = YES;
				CLANG_WARN_COMMA = YES;
				CLANG_WARN_CONSTANT_CONVERSION = YES;
				CLANG_WARN_DEPRECATED_OBJC_IMPLEMENTATIONS = YES;
				CLANG_WARN_DIRECT_OBJC_ISA_USAGE = YES_ERROR;
				CLANG_WARN_DOCUMENTATION_COMMENTS = YES;
				CLANG_WARN_EMPTY_BODY = YES;
				CLANG_WARN_ENUM_CONVERSION = YES;
				CLANG_WARN_INFINITE_RECURSION = YES;
				CLANG_WARN_INT_CONVERSION = YES;
				CLANG_WARN_NON_LITERAL_NULL_CONVERSION = YES;
				CLANG_WARN_OBJC_IMPLICIT_RETAIN_SELF = YES;
				CLANG_WARN_OBJC_LITERAL_CONVERSION = YES;
				CLANG_WARN_OBJC_ROOT_CLASS = YES_ERROR;
				CLANG_WARN_RANGE_LOOP_ANALYSIS = YES;
				CLANG_WARN_STRICT_PROTOTYPES = YES;
				CLANG_WARN_SUSPICIOUS_MOVE = YES;
				CLANG_WARN_UNGUARDED_AVAILABILITY = YES_AGGRESSIVE;
				CLANG_WARN_UNREACHABLE_CODE = YES;
				CLANG_WARN__DUPLICATE_METHOD_MATCH = YES;
				COPY_PHASE_STRIP = NO;
				DEBUG_INFORMATION_FORMAT = dwarf;
				ENABLE_STRICT_OBJC_MSGSEND = YES;
				ENABLE_TESTABILITY = YES;
				GCC_C_LANGUAGE_STANDARD = gnu11;
				GCC_DYNAMIC_NO_PIC = NO;
				GCC_NO_COMMON_BLOCKS = YES;
				GCC_OPTIMIZATION_LEVEL = 0;
				GCC_PREPROCESSOR_DEFINITIONS = (
					"DEBUG=1",
					"$(inherited)",
				);
				GCC_WARN_64_TO_32_BIT_CONVERSION = YES;
				GCC_WARN_ABOUT_RETURN_TYPE = YES_ERROR;
				GCC_WARN_UNDECLARED_SELECTOR = YES;
				GCC_WARN_UNINITIALIZED_AUTOS = YES_AGGRESSIVE;
				GCC_WARN_UNUSED_FUNCTION = YES;
				GCC_WARN_UNUSED_VARIABLE = YES;
				IPHONEOS_DEPLOYMENT_TARGET = 13.2;
				MTL_ENABLE_DEBUG_INFO = INCLUDE_SOURCE;
				MTL_FAST_MATH = YES;
				ONLY_ACTIVE_ARCH = YES;
				SDKROOT = iphoneos;
				SWIFT_ACTIVE_COMPILATION_CONDITIONS = DEBUG;
				SWIFT_OPTIMIZATION_LEVEL = "-Onone";
			};
			name = Debug;
		};
		4665DEB62400F7DB0038C2C5 /* Release */ = {
			isa = XCBuildConfiguration;
			buildSettings = {
				ALWAYS_SEARCH_USER_PATHS = NO;
				CLANG_ANALYZER_NONNULL = YES;
				CLANG_ANALYZER_NUMBER_OBJECT_CONVERSION = YES_AGGRESSIVE;
				CLANG_CXX_LANGUAGE_STANDARD = "gnu++14";
				CLANG_CXX_LIBRARY = "libc++";
				CLANG_ENABLE_MODULES = YES;
				CLANG_ENABLE_OBJC_ARC = YES;
				CLANG_ENABLE_OBJC_WEAK = YES;
				CLANG_WARN_BLOCK_CAPTURE_AUTORELEASING = YES;
				CLANG_WARN_BOOL_CONVERSION = YES;
				CLANG_WARN_COMMA = YES;
				CLANG_WARN_CONSTANT_CONVERSION = YES;
				CLANG_WARN_DEPRECATED_OBJC_IMPLEMENTATIONS = YES;
				CLANG_WARN_DIRECT_OBJC_ISA_USAGE = YES_ERROR;
				CLANG_WARN_DOCUMENTATION_COMMENTS = YES;
				CLANG_WARN_EMPTY_BODY = YES;
				CLANG_WARN_ENUM_CONVERSION = YES;
				CLANG_WARN_INFINITE_RECURSION = YES;
				CLANG_WARN_INT_CONVERSION = YES;
				CLANG_WARN_NON_LITERAL_NULL_CONVERSION = YES;
				CLANG_WARN_OBJC_IMPLICIT_RETAIN_SELF = YES;
				CLANG_WARN_OBJC_LITERAL_CONVERSION = YES;
				CLANG_WARN_OBJC_ROOT_CLASS = YES_ERROR;
				CLANG_WARN_RANGE_LOOP_ANALYSIS = YES;
				CLANG_WARN_STRICT_PROTOTYPES = YES;
				CLANG_WARN_SUSPICIOUS_MOVE = YES;
				CLANG_WARN_UNGUARDED_AVAILABILITY = YES_AGGRESSIVE;
				CLANG_WARN_UNREACHABLE_CODE = YES;
				CLANG_WARN__DUPLICATE_METHOD_MATCH = YES;
				COPY_PHASE_STRIP = NO;
				DEBUG_INFORMATION_FORMAT = "dwarf-with-dsym";
				ENABLE_NS_ASSERTIONS = NO;
				ENABLE_STRICT_OBJC_MSGSEND = YES;
				GCC_C_LANGUAGE_STANDARD = gnu11;
				GCC_NO_COMMON_BLOCKS = YES;
				GCC_WARN_64_TO_32_BIT_CONVERSION = YES;
				GCC_WARN_ABOUT_RETURN_TYPE = YES_ERROR;
				GCC_WARN_UNDECLARED_SELECTOR = YES;
				GCC_WARN_UNINITIALIZED_AUTOS = YES_AGGRESSIVE;
				GCC_WARN_UNUSED_FUNCTION = YES;
				GCC_WARN_UNUSED_VARIABLE = YES;
				IPHONEOS_DEPLOYMENT_TARGET = 13.2;
				MTL_ENABLE_DEBUG_INFO = NO;
				MTL_FAST_MATH = YES;
				SDKROOT = iphoneos;
				SWIFT_COMPILATION_MODE = wholemodule;
				SWIFT_OPTIMIZATION_LEVEL = "-O";
				VALIDATE_PRODUCT = YES;
			};
			name = Release;
		};
		4665DEB82400F7DB0038C2C5 /* Debug */ = {
			isa = XCBuildConfiguration;
			buildSettings = {
				ASSETCATALOG_COMPILER_APPICON_NAME = AppIcon;
				CODE_SIGN_STYLE = Automatic;
				INFOPLIST_FILE = motel_registration/Info.plist;
				LD_RUNPATH_SEARCH_PATHS = (
					"$(inherited)",
					"@executable_path/Frameworks",
				);
				PRODUCT_BUNDLE_IDENTIFIER = "assignment.motel-registration";
				PRODUCT_NAME = "$(TARGET_NAME)";
				SWIFT_VERSION = 5.0;
				TARGETED_DEVICE_FAMILY = "1,2";
			};
			name = Debug;
		};
		4665DEB92400F7DB0038C2C5 /* Release */ = {
			isa = XCBuildConfiguration;
			buildSettings = {
				ASSETCATALOG_COMPILER_APPICON_NAME = AppIcon;
				CODE_SIGN_STYLE = Automatic;
				INFOPLIST_FILE = motel_registration/Info.plist;
				LD_RUNPATH_SEARCH_PATHS = (
					"$(inherited)",
					"@executable_path/Frameworks",
				);
				PRODUCT_BUNDLE_IDENTIFIER = "assignment.motel-registration";
				PRODUCT_NAME = "$(TARGET_NAME)";
				SWIFT_VERSION = 5.0;
				TARGETED_DEVICE_FAMILY = "1,2";
			};
			name = Release;
		};
		4665DEBB2400F7DB0038C2C5 /* Debug */ = {
			isa = XCBuildConfiguration;
			buildSettings = {
				ALWAYS_EMBED_SWIFT_STANDARD_LIBRARIES = YES;
				BUNDLE_LOADER = "$(TEST_HOST)";
				CODE_SIGN_STYLE = Automatic;
				INFOPLIST_FILE = motel_registrationTests/Info.plist;
				IPHONEOS_DEPLOYMENT_TARGET = 13.2;
				LD_RUNPATH_SEARCH_PATHS = (
					"$(inherited)",
					"@executable_path/Frameworks",
					"@loader_path/Frameworks",
				);
				PRODUCT_BUNDLE_IDENTIFIER = "assignment.motel-registrationTests";
				PRODUCT_NAME = "$(TARGET_NAME)";
				SWIFT_VERSION = 5.0;
				TARGETED_DEVICE_FAMILY = "1,2";
				TEST_HOST = "$(BUILT_PRODUCTS_DIR)/motel_registration.app/motel_registration";
			};
			name = Debug;
		};
		4665DEBC2400F7DB0038C2C5 /* Release */ = {
			isa = XCBuildConfiguration;
			buildSettings = {
				ALWAYS_EMBED_SWIFT_STANDARD_LIBRARIES = YES;
				BUNDLE_LOADER = "$(TEST_HOST)";
				CODE_SIGN_STYLE = Automatic;
				INFOPLIST_FILE = motel_registrationTests/Info.plist;
				IPHONEOS_DEPLOYMENT_TARGET = 13.2;
				LD_RUNPATH_SEARCH_PATHS = (
					"$(inherited)",
					"@executable_path/Frameworks",
					"@loader_path/Frameworks",
				);
				PRODUCT_BUNDLE_IDENTIFIER = "assignment.motel-registrationTests";
				PRODUCT_NAME = "$(TARGET_NAME)";
				SWIFT_VERSION = 5.0;
				TARGETED_DEVICE_FAMILY = "1,2";
				TEST_HOST = "$(BUILT_PRODUCTS_DIR)/motel_registration.app/motel_registration";
			};
			name = Release;
		};
		4665DEBE2400F7DB0038C2C5 /* Debug */ = {
			isa = XCBuildConfiguration;
			buildSettings = {
				ALWAYS_EMBED_SWIFT_STANDARD_LIBRARIES = YES;
				CODE_SIGN_STYLE = Automatic;
				INFOPLIST_FILE = motel_registrationUITests/Info.plist;
				LD_RUNPATH_SEARCH_PATHS = (
					"$(inherited)",
					"@executable_path/Frameworks",
					"@loader_path/Frameworks",
				);
				PRODUCT_BUNDLE_IDENTIFIER = "assignment.motel-registrationUITests";
				PRODUCT_NAME = "$(TARGET_NAME)";
				SWIFT_VERSION = 5.0;
				TARGETED_DEVICE_FAMILY = "1,2";
				TEST_TARGET_NAME = motel_registration;
			};
			name = Debug;
		};
		4665DEBF2400F7DB0038C2C5 /* Release */ = {
			isa = XCBuildConfiguration;
			buildSettings = {
				ALWAYS_EMBED_SWIFT_STANDARD_LIBRARIES = YES;
				CODE_SIGN_STYLE = Automatic;
				INFOPLIST_FILE = motel_registrationUITests/Info.plist;
				LD_RUNPATH_SEARCH_PATHS = (
					"$(inherited)",
					"@executable_path/Frameworks",
					"@loader_path/Frameworks",
				);
				PRODUCT_BUNDLE_IDENTIFIER = "assignment.motel-registrationUITests";
				PRODUCT_NAME = "$(TARGET_NAME)";
				SWIFT_VERSION = 5.0;
				TARGETED_DEVICE_FAMILY = "1,2";
				TEST_TARGET_NAME = motel_registration;
			};
			name = Release;
		};
/* End XCBuildConfiguration section */

/* Begin XCConfigurationList section */
		4665DE882400F7D90038C2C5 /* Build configuration list for PBXProject "motel_registration" */ = {
			isa = XCConfigurationList;
			buildConfigurations = (
				4665DEB52400F7DB0038C2C5 /* Debug */,
				4665DEB62400F7DB0038C2C5 /* Release */,
			);
			defaultConfigurationIsVisible = 0;
			defaultConfigurationName = Release;
		};
		4665DEB72400F7DB0038C2C5 /* Build configuration list for PBXNativeTarget "motel_registration" */ = {
			isa = XCConfigurationList;
			buildConfigurations = (
				4665DEB82400F7DB0038C2C5 /* Debug */,
				4665DEB92400F7DB0038C2C5 /* Release */,
			);
			defaultConfigurationIsVisible = 0;
			defaultConfigurationName = Release;
		};
		4665DEBA2400F7DB0038C2C5 /* Build configuration list for PBXNativeTarget "motel_registrationTests" */ = {
			isa = XCConfigurationList;
			buildConfigurations = (
				4665DEBB2400F7DB0038C2C5 /* Debug */,
				4665DEBC2400F7DB0038C2C5 /* Release */,
			);
			defaultConfigurationIsVisible = 0;
			defaultConfigurationName = Release;
		};
		4665DEBD2400F7DB0038C2C5 /* Build configuration list for PBXNativeTarget "motel_registrationUITests" */ = {
			isa = XCConfigurationList;
			buildConfigurations = (
				4665DEBE2400F7DB0038C2C5 /* Debug */,
				4665DEBF2400F7DB0038C2C5 /* Release */,
			);
			defaultConfigurationIsVisible = 0;
			defaultConfigurationName = Release;
		};
/* End XCConfigurationList section */
	};
	rootObject = 4665DE852400F7D90038C2C5 /* Project object */;
}
